
Microsoft Visual Studio Solution File, Format Version 12.00
Project("{FAE04EC0-301F-11D3-BF4B-00C04F79EFBC}") = "Test", "Test\Test.csproj", "{73257785-A3AC-4A05-9A30-2B96E1811F7E}"
EndProject
Global
	GlobalSection(SolutionConfigurationPlatforms) = preSolution
		Debug|Any CPU = Debug|Any CPU
		Release|Any CPU = Release|Any CPU
	EndGlobalSection
	GlobalSection(ProjectConfigurationPlatforms) = postSolution
		{73257785-A3AC-4A05-9A30-2B96E1811F7E}.Debug|Any CPU.ActiveCfg = Debug|Any CPU
		{73257785-A3AC-4A05-9A30-2B96E1811F7E}.Debug|Any CPU.Build.0 = Debug|Any CPU
		{73257785-A3AC-4A05-9A30-2B96E1811F7E}.Release|Any CPU.ActiveCfg = Release|Any CPU
		{73257785-A3AC-4A05-9A30-2B96E1811F7E}.Release|Any CPU.Build.0 = Release|Any CPU
	EndGlobalSection
EndGlobal
